<?xml version="1.0" encoding="utf-8"?>
<Project ToolsVersion="4.0" xmlns="http://schemas.microsoft.com/developer/msbuild/2003">
  <ItemGroup>
    <ClCompile Include="cg_effects.c" />
    <ClCompile Include="cg_hud.c" />
    <ClCompile Include="cg_main.c" />
    <ClCompile Include="cg_muzzleflash.c" />
    <ClCompile Include="cg_tempentity.c" />
    <ClCompile Include="cg_ui.c" />
    <ClCompile Include="menus\menu_main.c">
      <Filter>menus</Filter>
    </ClCompile>
    <ClCompile Include="..\qcommon\q_shared.c" />
  </ItemGroup>
  <ItemGroup>
    <ClInclude Include="..\qcommon\q_shared.h" />
    <ClInclude Include="cgame.h" />
    <ClInclude Include="cg_local.h" />
    <ClInclude Include="cg_uidefs.h" />
  </ItemGroup>
  <ItemGroup>
    <Filter Include="menus">
      <UniqueIdentifier>{ffba8130-b477-43c2-aef0-62e9112faa03}</UniqueIdentifier>
    </Filter>
  </ItemGroup>
</Project>