<?xml version="1.0" encoding="utf-8"?>
<Project ToolsVersion="4.0" xmlns="http://schemas.microsoft.com/developer/msbuild/2003">
  <ItemGroup>
    <ClCompile Include="client\cgame\cg_builtins.c" />
    <ClCompile Include="client\cgame\cg_dlights.c" />
    <ClCompile Include="client\cgame\cg_entities.c" />
    <ClCompile Include="client\cgame\cg_events.c" />
    <ClCompile Include="client\cgame\cg_lightstyles.c" />
    <ClCompile Include="client\cgame\cg_tempents.c" />
    <ClCompile Include="client\cgame\cg_main.c" />
    <ClCompile Include="client\cgame\cg_model.c" />
    <ClCompile Include="client\cgame\cg_flash.c" />
    <ClCompile Include="client\cgame\cg_particles.c" />
    <ClCompile Include="client\cgame\cg_oldfx.c" />
    <ClCompile Include="client\cgame\cg_temp_entities.c" />
    <ClCompile Include="client\cgame\cg_weapon.c" />
    <ClCompile Include="client\cgame\cg_world.c" />
    <ClCompile Include="client\cl_cinematic.c" />
    <ClCompile Include="client\cl_download.c" />
    <ClCompile Include="client\cl_entities.c" />
    <ClCompile Include="client\cl_graph.c" />
    <ClCompile Include="client\cl_input.c" />
    <ClCompile Include="client\cl_main.c" />
    <ClCompile Include="client\cl_parse.c" />
    <ClCompile Include="client\cl_predict.c" />
    <ClCompile Include="client\cl_screen.c" />
    <ClCompile Include="client\cl_view.c" />
    <ClCompile Include="client\cl_console.c" />
    <ClCompile Include="client\cl_keys.c" />
    <ClCompile Include="client\fx\fx_load.c" />
    <ClCompile Include="client\fx\fx_main.c" />
    <ClCompile Include="client\fx\fx_play.c" />
    <ClCompile Include="client\snd_dma.c" />
    <ClCompile Include="client\snd_mem.c" />
    <ClCompile Include="client\snd_mix.c" />
    <ClCompile Include="client\ui\ui_action.c" />
    <ClCompile Include="client\ui\ui_builtins.c" />
    <ClCompile Include="client\ui\ui_load.c" />
    <ClCompile Include="client\ui\ui_main.c" />
    <ClCompile Include="script\scr_builtins_shared.c" />
    <ClCompile Include="..\qcommon\mathlib.c" />
    <ClCompile Include="..\qcommon\model_def.c" />
    <ClCompile Include="..\qcommon\astar_navigation.c" />
    <ClCompile Include="..\qcommon\common.c" />
    <ClCompile Include="..\qcommon\crc.c" />
    <ClCompile Include="..\qcommon\cvar.c" />
    <ClCompile Include="..\qcommon\filesystem.c" />
    <ClCompile Include="..\qcommon\md4.c" />
    <ClCompile Include="..\qcommon\shared.c" />
    <ClCompile Include="..\qcommon\model_cache.c" />
    <ClCompile Include="script\scr_builtins_math.c" />
    <ClCompile Include="script\scr_debug.c" />
    <ClCompile Include="script\scr_exec.c" />
    <ClCompile Include="script\scr_main.c" />
    <ClCompile Include="script\scr_utils.c" />
    <ClCompile Include="server\sv_ai.c" />
    <ClCompile Include="server\sv_devtools.c" />
    <ClCompile Include="server\sv_load.c" />
    <ClCompile Include="server\sv_gentity.c" />
    <ClCompile Include="server\sv_physics.c" />
    <ClCompile Include="server\sv_script.c" />
    <ClCompile Include="server\sv_ccmds.c" />
    <ClCompile Include="server\sv_builtins.c" />
    <ClCompile Include="server\sv_write.c" />
    <ClCompile Include="server\sv_init.c" />
    <ClCompile Include="server\sv_main.c" />
    <ClCompile Include="server\sv_send.c" />
    <ClCompile Include="server\sv_user.c" />
    <ClCompile Include="server\sv_world.c" />
    <ClCompile Include="win_input.c" />
    <ClCompile Include="win_net.c" />
    <ClCompile Include="win_sound.c" />
    <ClCompile Include="win_main.c" />
    <ClCompile Include="vid_dll.c" />
    <ClCompile Include="..\qcommon\shared_windows.c" />
    <ClCompile Include="cmd.c" />
    <ClCompile Include="cmodel.c" />
    <ClCompile Include="net_chan.c" />
    <ClCompile Include="net_msg.c" />
  </ItemGroup>
  <ItemGroup>
    <ClInclude Include="client\cgame\cgame.h" />
    <ClInclude Include="client\cgame\cg_local.h" />
    <ClInclude Include="client\cgame\progdefs_client.h" />
    <ClInclude Include="client\client.h" />
    <ClInclude Include="client\console.h" />
    <ClInclude Include="client\fx\effects.h" />
    <ClInclude Include="client\fx\fx_local.h" />
    <ClInclude Include="client\input.h" />
    <ClInclude Include="client\keys.h" />
    <ClInclude Include="client\screen.h" />
    <ClInclude Include="client\snd_loc.h" />
    <ClInclude Include="client\sound.h" />
    <ClInclude Include="client\ui\gui.h" />
    <ClInclude Include="client\ui\ui_local.h" />
    <ClInclude Include="client\vid.h" />
    <ClInclude Include="pragma_config.h" />
    <ClInclude Include="..\qcommon\anorms.h" />
    <ClInclude Include="..\qcommon\crc.h" />
    <ClInclude Include="..\qcommon\mathlib.h" />
    <ClInclude Include="..\qcommon\model_cache.h" />
    <ClInclude Include="..\qcommon\mod_md3.h" />
    <ClInclude Include="..\qcommon\mod_pragma.h" />
    <ClInclude Include="..\qcommon\mod_smdl.h" />
    <ClInclude Include="..\qcommon\qcommon.h" />
    <ClInclude Include="..\qcommon\qfiles.h" />
    <ClInclude Include="..\qcommon\shared.h" />
    <ClInclude Include="script\progdefs_server.h" />
    <ClInclude Include="script\progdefs_ui.h" />
    <ClInclude Include="script\qc_opcodes.h" />
    <ClInclude Include="script\qc_opnames.h" />
    <ClInclude Include="script\scriptvm.h" />
    <ClInclude Include="script\script_internals.h" />
    <ClInclude Include="server\server.h" />
    <ClInclude Include="server\sv_game.h" />
  </ItemGroup>
  <ItemGroup>
    <Filter Include="server">
      <UniqueIdentifier>{e064b09a-a4a4-4118-aa1a-e17a8c7f8413}</UniqueIdentifier>
    </Filter>
    <Filter Include="script">
      <UniqueIdentifier>{fbe0844a-3483-4415-a6d0-02601ee598a6}</UniqueIdentifier>
    </Filter>
    <Filter Include="script\headers">
      <UniqueIdentifier>{5c3969ca-48d6-4121-895a-6b6a5db6767f}</UniqueIdentifier>
    </Filter>
  </ItemGroup>
  <ItemGroup>
    <ResourceCompile Include="pragma.rc" />
  </ItemGroup>
  <ItemGroup>
    <Image Include="pragma.ico" />
  </ItemGroup>
</Project>