<?xml version="1.0" encoding="utf-8"?>
<Project ToolsVersion="4.0" xmlns="http://schemas.microsoft.com/developer/msbuild/2003">
  <ItemGroup>
    <ClCompile Include="..\common\crc.c" />
    <ClCompile Include="md4.c" />
    <ClCompile Include="message.c" />
    <ClCompile Include="model_cache.c" />
    <ClCompile Include="model_def.c" />
    <ClCompile Include="pragma.c" />
    <ClCompile Include="astar_navigation.c" />
    <ClCompile Include="cmd.c" />
    <ClCompile Include="cmodel.c" />
    <ClCompile Include="cvar.c" />
    <ClCompile Include="filesystem.c" />
    <ClCompile Include="net_chan.c" />
    <ClCompile Include="network_windows.c" />
    <ClCompile Include="main_windows.c" />
    <ClCompile Include="sizebuf.c" />
    <ClCompile Include="usercmd.c" />
    <ClCompile Include="server\sv_ai.c">
      <Filter>Server</Filter>
    </ClCompile>
    <ClCompile Include="server\sv_builtins.c">
      <Filter>Server</Filter>
    </ClCompile>
    <ClCompile Include="server\sv_ccmds.c">
      <Filter>Server</Filter>
    </ClCompile>
    <ClCompile Include="server\sv_devtools.c">
      <Filter>Server</Filter>
    </ClCompile>
    <ClCompile Include="server\sv_gentity.c">
      <Filter>Server</Filter>
    </ClCompile>
    <ClCompile Include="server\sv_init.c">
      <Filter>Server</Filter>
    </ClCompile>
    <ClCompile Include="server\sv_load.c">
      <Filter>Server</Filter>
    </ClCompile>
    <ClCompile Include="server\sv_main.c">
      <Filter>Server</Filter>
    </ClCompile>
    <ClCompile Include="server\sv_physics.c">
      <Filter>Server</Filter>
    </ClCompile>
    <ClCompile Include="server\sv_script.c">
      <Filter>Server</Filter>
    </ClCompile>
    <ClCompile Include="server\sv_send.c">
      <Filter>Server</Filter>
    </ClCompile>
    <ClCompile Include="server\sv_user.c">
      <Filter>Server</Filter>
    </ClCompile>
    <ClCompile Include="server\sv_world.c">
      <Filter>Server</Filter>
    </ClCompile>
    <ClCompile Include="server\sv_write.c">
      <Filter>Server</Filter>
    </ClCompile>
    <ClCompile Include="client\cgame\cg_builtins.c">
      <Filter>Client\Client Game</Filter>
    </ClCompile>
    <ClCompile Include="client\cgame\cg_dlights.c">
      <Filter>Client\Client Game</Filter>
    </ClCompile>
    <ClCompile Include="client\cgame\cg_entities.c">
      <Filter>Client\Client Game</Filter>
    </ClCompile>
    <ClCompile Include="client\cgame\cg_events.c">
      <Filter>Client\Client Game</Filter>
    </ClCompile>
    <ClCompile Include="client\cgame\cg_flash.c">
      <Filter>Client\Client Game</Filter>
    </ClCompile>
    <ClCompile Include="client\cgame\cg_lightstyles.c">
      <Filter>Client\Client Game</Filter>
    </ClCompile>
    <ClCompile Include="client\cgame\cg_main.c">
      <Filter>Client\Client Game</Filter>
    </ClCompile>
    <ClCompile Include="client\cgame\cg_model.c">
      <Filter>Client\Client Game</Filter>
    </ClCompile>
    <ClCompile Include="client\cgame\cg_oldfx.c">
      <Filter>Client\Client Game</Filter>
    </ClCompile>
    <ClCompile Include="client\cgame\cg_particles.c">
      <Filter>Client\Client Game</Filter>
    </ClCompile>
    <ClCompile Include="client\cgame\cg_temp_entities.c">
      <Filter>Client\Client Game</Filter>
    </ClCompile>
    <ClCompile Include="client\cgame\cg_tempents.c">
      <Filter>Client\Client Game</Filter>
    </ClCompile>
    <ClCompile Include="client\cgame\cg_weapon.c">
      <Filter>Client\Client Game</Filter>
    </ClCompile>
    <ClCompile Include="client\cgame\cg_world.c">
      <Filter>Client\Client Game</Filter>
    </ClCompile>
    <ClCompile Include="client\fx\fx_load.c">
      <Filter>Client\FX</Filter>
    </ClCompile>
    <ClCompile Include="client\fx\fx_main.c">
      <Filter>Client\FX</Filter>
    </ClCompile>
    <ClCompile Include="client\fx\fx_play.c">
      <Filter>Client\FX</Filter>
    </ClCompile>
    <ClCompile Include="client\ui\ui_action.c">
      <Filter>Client\GUI</Filter>
    </ClCompile>
    <ClCompile Include="client\ui\ui_centermsg.c">
      <Filter>Client\GUI</Filter>
    </ClCompile>
    <ClCompile Include="client\ui\ui_builtins.c">
      <Filter>Client\GUI</Filter>
    </ClCompile>
    <ClCompile Include="client\ui\ui_load.c">
      <Filter>Client\GUI</Filter>
    </ClCompile>
    <ClCompile Include="client\ui\ui_main.c">
      <Filter>Client\GUI</Filter>
    </ClCompile>
    <ClCompile Include="client\cl_cinematic.c">
      <Filter>Client</Filter>
    </ClCompile>
    <ClCompile Include="client\cl_console.c">
      <Filter>Client</Filter>
    </ClCompile>
    <ClCompile Include="client\cl_download.c">
      <Filter>Client</Filter>
    </ClCompile>
    <ClCompile Include="client\cl_entities.c">
      <Filter>Client</Filter>
    </ClCompile>
    <ClCompile Include="client\cl_graph.c">
      <Filter>Client</Filter>
    </ClCompile>
    <ClCompile Include="client\cl_input.c">
      <Filter>Client</Filter>
    </ClCompile>
    <ClCompile Include="client\cl_keys.c">
      <Filter>Client</Filter>
    </ClCompile>
    <ClCompile Include="client\cl_main.c">
      <Filter>Client</Filter>
    </ClCompile>
    <ClCompile Include="client\cl_parse.c">
      <Filter>Client</Filter>
    </ClCompile>
    <ClCompile Include="client\cl_predict.c">
      <Filter>Client</Filter>
    </ClCompile>
    <ClCompile Include="client\cl_screen.c">
      <Filter>Client</Filter>
    </ClCompile>
    <ClCompile Include="client\cl_view.c">
      <Filter>Client</Filter>
    </ClCompile>
    <ClCompile Include="client\input_windows.c">
      <Filter>Client</Filter>
    </ClCompile>
    <ClCompile Include="client\sound_windows.c">
      <Filter>Client</Filter>
    </ClCompile>
    <ClCompile Include="client\snd_mix.c">
      <Filter>Client</Filter>
    </ClCompile>
    <ClCompile Include="client\snd_mem.c">
      <Filter>Client</Filter>
    </ClCompile>
    <ClCompile Include="client\snd_dma.c">
      <Filter>Client</Filter>
    </ClCompile>
    <ClCompile Include="client/vid_dll.c">
      <Filter>Client</Filter>
    </ClCompile>
    <ClCompile Include="script\scr_builtins_math.c">
      <Filter>QCVM</Filter>
    </ClCompile>
    <ClCompile Include="script\scr_builtins_shared.c">
      <Filter>QCVM</Filter>
    </ClCompile>
    <ClCompile Include="script\qcvm_debug.c">
      <Filter>QCVM</Filter>
    </ClCompile>
    <ClCompile Include="script\qcvm_exec.c">
      <Filter>QCVM</Filter>
    </ClCompile>
    <ClCompile Include="script\qcvm_main.c">
      <Filter>QCVM</Filter>
    </ClCompile>
    <ClCompile Include="script\qcvm_utils.c">
      <Filter>QCVM</Filter>
    </ClCompile>
    <ClCompile Include="..\common\mathlib.c">
      <Filter>Common</Filter>
    </ClCompile>
    <ClCompile Include="..\common\shared.c">
      <Filter>Common</Filter>
    </ClCompile>
    <ClCompile Include="..\common\shared_windows.c">
      <Filter>Common</Filter>
    </ClCompile>
  </ItemGroup>
  <ItemGroup>
    <ClInclude Include="..\common\crc.h" />
    <ClInclude Include="cmd.h" />
    <ClInclude Include="cmodel.h" />
    <ClInclude Include="cvar.h" />
    <ClInclude Include="filesystem.h" />
    <ClInclude Include="message.h" />
    <ClInclude Include="model_cache.h" />
    <ClInclude Include="network.h" />
    <ClInclude Include="net_chan.h" />
    <ClInclude Include="pragma.h" />
    <ClInclude Include="pragma_config.h" />
    <ClInclude Include="protocol.h" />
    <ClInclude Include="usercmd.h" />
    <ClInclude Include="server\sv_game.h">
      <Filter>Server</Filter>
    </ClInclude>
    <ClInclude Include="server\server.h">
      <Filter>Server</Filter>
    </ClInclude>
    <ClInclude Include="..\common\anorms.h">
      <Filter>Common</Filter>
    </ClInclude>
    <ClInclude Include="client\cgame\cg_local.h">
      <Filter>Client\Client Game</Filter>
    </ClInclude>
    <ClInclude Include="client\fx\effects.h">
      <Filter>Client\FX</Filter>
    </ClInclude>
    <ClInclude Include="client\fx\fx_local.h">
      <Filter>Client\FX</Filter>
    </ClInclude>
    <ClInclude Include="client\ui\gui.h">
      <Filter>Client\GUI</Filter>
    </ClInclude>
    <ClInclude Include="client\ui\ui_local.h">
      <Filter>Client\GUI</Filter>
    </ClInclude>
    <ClInclude Include="client\client.h">
      <Filter>Client</Filter>
    </ClInclude>
    <ClInclude Include="client\cgame\client_game.h">
      <Filter>Client\Client Game</Filter>
    </ClInclude>
    <ClInclude Include="client\console.h">
      <Filter>Client</Filter>
    </ClInclude>
    <ClInclude Include="client\input.h">
      <Filter>Client</Filter>
    </ClInclude>
    <ClInclude Include="client\keys.h">
      <Filter>Client</Filter>
    </ClInclude>
    <ClInclude Include="client\sound.h">
      <Filter>Client</Filter>
    </ClInclude>
    <ClInclude Include="client\snd_loc.h">
      <Filter>Client</Filter>
    </ClInclude>
    <ClInclude Include="client\vid.h">
      <Filter>Client</Filter>
    </ClInclude>
    <ClInclude Include="..\common\cvar_public.h">
      <Filter>Common</Filter>
    </ClInclude>
    <ClInclude Include="..\common\pragma_files.h">
      <Filter>Common</Filter>
    </ClInclude>
    <ClInclude Include="..\common\pragma_windows.h">
      <Filter>Common</Filter>
    </ClInclude>
    <ClInclude Include="..\common\renderer.h">
      <Filter>Common</Filter>
    </ClInclude>
    <ClInclude Include="..\common\fileformats\bsp.h">
      <Filter>Common\File Formats</Filter>
    </ClInclude>
    <ClInclude Include="..\common\fileformats\md3.h">
      <Filter>Common\File Formats</Filter>
    </ClInclude>
    <ClInclude Include="..\common\fileformats\pak.h">
      <Filter>Common\File Formats</Filter>
    </ClInclude>
    <ClInclude Include="..\common\fileformats\pmodel.h">
      <Filter>Common\File Formats</Filter>
    </ClInclude>
    <ClInclude Include="..\common\fileformats\smdl.h">
      <Filter>Common\File Formats</Filter>
    </ClInclude>
    <ClInclude Include="script\qc_opcodes.h">
      <Filter>QCVM</Filter>
    </ClInclude>
    <ClInclude Include="script\qc_opnames.h">
      <Filter>QCVM</Filter>
    </ClInclude>
    <ClInclude Include="script\qcvm_private.h">
      <Filter>QCVM</Filter>
    </ClInclude>
    <ClInclude Include="script\scriptvm.h">
      <Filter>QCVM</Filter>
    </ClInclude>
    <ClInclude Include="client\cgame\progdefs_client.h">
      <Filter>QCVM</Filter>
    </ClInclude>
    <ClInclude Include="script\progdefs_server.h">
      <Filter>QCVM</Filter>
    </ClInclude>
    <ClInclude Include="script\progdefs_ui.h">
      <Filter>QCVM</Filter>
    </ClInclude>
    <ClInclude Include="client\screen.h">
      <Filter>Client</Filter>
    </ClInclude>
    <ClInclude Include="..\common\mathlib.h">
      <Filter>Common</Filter>
    </ClInclude>
    <ClInclude Include="..\common\shared.h">
      <Filter>Common</Filter>
    </ClInclude>
  </ItemGroup>
  <ItemGroup>
    <ResourceCompile Include="pragma.rc" />
  </ItemGroup>
  <ItemGroup>
    <Image Include="pragma.ico" />
  </ItemGroup>
  <ItemGroup>
    <Filter Include="Client">
      <UniqueIdentifier>{c5aea17d-da4a-4255-bdde-4754e5508737}</UniqueIdentifier>
    </Filter>
    <Filter Include="Server">
      <UniqueIdentifier>{da8e5b5d-f030-4266-b8bc-e6b2fdbc6d76}</UniqueIdentifier>
    </Filter>
    <Filter Include="Common">
      <UniqueIdentifier>{d51c5f0a-b961-42f4-8ef7-d8860e9fe7f2}</UniqueIdentifier>
    </Filter>
    <Filter Include="QCVM">
      <UniqueIdentifier>{8f1d6b83-cec6-403e-b3a8-c3950a0e82a2}</UniqueIdentifier>
    </Filter>
    <Filter Include="Client\Client Game">
      <UniqueIdentifier>{a4852901-1df6-4336-b0da-f6f3cabba07a}</UniqueIdentifier>
    </Filter>
    <Filter Include="Client\FX">
      <UniqueIdentifier>{d23f99f3-fbd3-43b9-a285-abca425aedf2}</UniqueIdentifier>
    </Filter>
    <Filter Include="Client\GUI">
      <UniqueIdentifier>{a6d0833b-ce91-4759-8fce-f26ba289128f}</UniqueIdentifier>
    </Filter>
    <Filter Include="Common\File Formats">
      <UniqueIdentifier>{87710d39-a80c-4ea4-ad15-187203329dd9}</UniqueIdentifier>
    </Filter>
  </ItemGroup>
</Project>