<?xml version="1.0" encoding="utf-8"?>
<Project ToolsVersion="4.0" xmlns="http://schemas.microsoft.com/developer/msbuild/2003">
  <ItemGroup>
    <ClCompile Include="g_chase.c" />
    <ClCompile Include="g_cmds.c" />
    <ClCompile Include="g_main.c" />
    <ClCompile Include="g_phys.c" />
    <ClCompile Include="g_save.c" />
    <ClCompile Include="g_spawn.c" />
    <ClCompile Include="g_utils.c" />
    <ClCompile Include="p_client.c" />
    <ClCompile Include="p_hud.c" />
    <ClCompile Include="q_shared.c" />
    <ClCompile Include="g_ai.c" />
    <ClCompile Include="qcvm_builtins.c" />
    <ClCompile Include="qcvm_exec.c" />
    <ClCompile Include="g_client.c" />
    <ClCompile Include="g_damage.c" />
    <ClCompile Include="p_view.c" />
  </ItemGroup>
  <ItemGroup>
    <ClInclude Include="q_shared.h">
      <Filter>include</Filter>
    </ClInclude>
    <ClInclude Include="game.h">
      <Filter>include</Filter>
    </ClInclude>
    <ClInclude Include="g_local.h">
      <Filter>include</Filter>
    </ClInclude>
    <ClInclude Include="m_player.h" />
    <ClInclude Include="qcvm.h" />
    <ClInclude Include="qcvm_exec.h" />
    <ClInclude Include="qcvm_progdefs.h" />
  </ItemGroup>
  <ItemGroup>
    <Filter Include="include">
      <UniqueIdentifier>{a5658f11-18e9-49ac-86e2-e70bca6c600b}</UniqueIdentifier>
    </Filter>
  </ItemGroup>
</Project>