<?xml version="1.0" encoding="utf-8"?>
<Project ToolsVersion="4.0" xmlns="http://schemas.microsoft.com/developer/msbuild/2003">
  <ItemGroup>
    <ClInclude Include="anorms.h">
      <Filter>include</Filter>
    </ClInclude>
    <ClInclude Include="anormtab.h">
      <Filter>include</Filter>
    </ClInclude>
    <ClInclude Include="gl_model.h">
      <Filter>include</Filter>
    </ClInclude>
    <ClInclude Include="..\game\q_shared.h">
      <Filter>include</Filter>
    </ClInclude>
    <ClInclude Include="warpsin.h">
      <Filter>include</Filter>
    </ClInclude>
    <ClInclude Include="..\platform\glw_win.h">
      <Filter>include</Filter>
    </ClInclude>
    <ClInclude Include="gl_local.h">
      <Filter>include</Filter>
    </ClInclude>
    <ClInclude Include="qgl.h">
      <Filter>include</Filter>
    </ClInclude>
  </ItemGroup>
  <ItemGroup>
    <ClCompile Include="gl_draw.c" />
    <ClCompile Include="gl_image.c" />
    <ClCompile Include="gl_light.c" />
    <ClCompile Include="gl_mesh.c" />
    <ClCompile Include="gl_model.c" />
    <ClCompile Include="gl_rmain.c" />
    <ClCompile Include="gl_rmisc.c" />
    <ClCompile Include="gl_rsurf.c" />
    <ClCompile Include="gl_warp.c" />
    <ClCompile Include="..\platform\glw_imp.c" />
    <ClCompile Include="..\platform\qgl_win.c" />
    <ClCompile Include="..\platform\q_shwin.c" />
    <ClCompile Include="..\qcommon\q_shared.c" />
    <ClCompile Include="r_draw_new.c" />
  </ItemGroup>
  <ItemGroup>
    <Filter Include="include">
      <UniqueIdentifier>{166774dd-64fd-4cbb-8c3a-9935c23f52c6}</UniqueIdentifier>
    </Filter>
  </ItemGroup>
</Project>