<?xml version="1.0" encoding="utf-8"?>
<Project ToolsVersion="4.0" xmlns="http://schemas.microsoft.com/developer/msbuild/2003">
  <ItemGroup>
    <ClInclude Include="anorms.h">
      <Filter>include</Filter>
    </ClInclude>
    <ClInclude Include="r_model.h">
      <Filter>include</Filter>
    </ClInclude>
    <ClInclude Include="..\game\q_shared.h">
      <Filter>include</Filter>
    </ClInclude>
    <ClInclude Include="warpsin.h">
      <Filter>include</Filter>
    </ClInclude>
    <ClInclude Include="..\platform\glw_win.h">
      <Filter>include</Filter>
    </ClInclude>
    <ClInclude Include="r_local.h">
      <Filter>include</Filter>
    </ClInclude>
    <ClInclude Include="qgl.h">
      <Filter>include</Filter>
    </ClInclude>
    <ClInclude Include="..\client\ref.h">
      <Filter>include</Filter>
    </ClInclude>
  </ItemGroup>
  <ItemGroup>
    <ClCompile Include="r_draw.c" />
    <ClCompile Include="r_image.c" />
    <ClCompile Include="r_light.c" />
    <ClCompile Include="r_mesh.c" />
    <ClCompile Include="r_model.c" />
    <ClCompile Include="r_main.c" />
    <ClCompile Include="r_misc.c" />
    <ClCompile Include="r_surf.c" />
    <ClCompile Include="r_warp.c" />
    <ClCompile Include="..\platform\glw_imp.c" />
    <ClCompile Include="..\platform\qgl_win.c" />
    <ClCompile Include="..\platform\q_shwin.c" />
    <ClCompile Include="..\qcommon\q_shared.c" />
    <ClCompile Include="r_draw_new.c" />
    <ClCompile Include="r_init.c" />
    <ClCompile Include="r_md3.c" />
    <ClCompile Include="r_sprite.c" />
  </ItemGroup>
  <ItemGroup>
    <Filter Include="include">
      <UniqueIdentifier>{166774dd-64fd-4cbb-8c3a-9935c23f52c6}</UniqueIdentifier>
    </Filter>
  </ItemGroup>
</Project>