<?xml version="1.0" encoding="utf-8"?>
<Project ToolsVersion="4.0" xmlns="http://schemas.microsoft.com/developer/msbuild/2003">
  <ItemGroup>
    <Filter Include="client">
      <UniqueIdentifier>{03994235-fac7-483d-850f-e7abfc9e26f8}</UniqueIdentifier>
    </Filter>
    <Filter Include="server">
      <UniqueIdentifier>{218ec630-b558-45a9-91be-2eaa241b650a}</UniqueIdentifier>
    </Filter>
    <Filter Include="platform">
      <UniqueIdentifier>{6491922a-abce-4884-85a9-cf5cec4185e5}</UniqueIdentifier>
    </Filter>
    <Filter Include="common">
      <UniqueIdentifier>{fecfaa13-9d4b-4674-b80e-26650bb34ead}</UniqueIdentifier>
    </Filter>
    <Filter Include="client\include">
      <UniqueIdentifier>{81baef11-4eb5-4921-a931-8d21914c2f6b}</UniqueIdentifier>
    </Filter>
    <Filter Include="common\include">
      <UniqueIdentifier>{69debadb-4377-489a-b12f-a4baf2f6ee13}</UniqueIdentifier>
    </Filter>
    <Filter Include="platform\include">
      <UniqueIdentifier>{3e85ae19-c11d-4a78-9b0f-1148a9215f75}</UniqueIdentifier>
    </Filter>
    <Filter Include="server\include">
      <UniqueIdentifier>{51eb84c5-7a04-4cfe-9f29-a1fc2f562a35}</UniqueIdentifier>
    </Filter>
  </ItemGroup>
  <ItemGroup>
    <ClInclude Include="client\adivtab.h">
      <Filter>client\include</Filter>
    </ClInclude>
    <ClInclude Include="client\anorms.h">
      <Filter>client\include</Filter>
    </ClInclude>
    <ClInclude Include="client\asm_i386.h">
      <Filter>client\include</Filter>
    </ClInclude>
    <ClInclude Include="client\block8.h">
      <Filter>client\include</Filter>
    </ClInclude>
    <ClInclude Include="client\block16.h">
      <Filter>client\include</Filter>
    </ClInclude>
    <ClInclude Include="client\cdaudio.h">
      <Filter>client\include</Filter>
    </ClInclude>
    <ClInclude Include="client\console.h">
      <Filter>client\include</Filter>
    </ClInclude>
    <ClInclude Include="client\client.h">
      <Filter>client\include</Filter>
    </ClInclude>
    <ClInclude Include="client\keys.h">
      <Filter>client\include</Filter>
    </ClInclude>
    <ClInclude Include="client\qmenu.h">
      <Filter>client\include</Filter>
    </ClInclude>
    <ClInclude Include="client\ref.h">
      <Filter>client\include</Filter>
    </ClInclude>
    <ClInclude Include="client\screen.h">
      <Filter>client\include</Filter>
    </ClInclude>
    <ClInclude Include="client\snd_loc.h">
      <Filter>client\include</Filter>
    </ClInclude>
    <ClInclude Include="client\sound.h">
      <Filter>client\include</Filter>
    </ClInclude>
    <ClInclude Include="client\vid.h">
      <Filter>client\include</Filter>
    </ClInclude>
    <ClInclude Include="client\input.h">
      <Filter>client\include</Filter>
    </ClInclude>
    <ClInclude Include="qcommon\crc.h">
      <Filter>common\include</Filter>
    </ClInclude>
    <ClInclude Include="game\q_shared.h">
      <Filter>common\include</Filter>
    </ClInclude>
    <ClInclude Include="qcommon\qcommon.h">
      <Filter>common\include</Filter>
    </ClInclude>
    <ClInclude Include="qcommon\qfiles.h">
      <Filter>common\include</Filter>
    </ClInclude>
    <ClInclude Include="platform\conproc.h">
      <Filter>platform\include</Filter>
    </ClInclude>
    <ClInclude Include="platform\resource.h">
      <Filter>platform\include</Filter>
    </ClInclude>
    <ClInclude Include="server\server.h">
      <Filter>server\include</Filter>
    </ClInclude>
  </ItemGroup>
  <ItemGroup>
    <ClCompile Include="client\cl_cin.c">
      <Filter>client</Filter>
    </ClCompile>
    <ClCompile Include="client\cl_ents.c">
      <Filter>client</Filter>
    </ClCompile>
    <ClCompile Include="client\cl_fx.c">
      <Filter>client</Filter>
    </ClCompile>
    <ClCompile Include="client\cl_input.c">
      <Filter>client</Filter>
    </ClCompile>
    <ClCompile Include="client\cl_inv.c">
      <Filter>client</Filter>
    </ClCompile>
    <ClCompile Include="client\cl_main.c">
      <Filter>client</Filter>
    </ClCompile>
    <ClCompile Include="client\cl_newfx.c">
      <Filter>client</Filter>
    </ClCompile>
    <ClCompile Include="client\cl_parse.c">
      <Filter>client</Filter>
    </ClCompile>
    <ClCompile Include="client\cl_pred.c">
      <Filter>client</Filter>
    </ClCompile>
    <ClCompile Include="client\cl_scrn.c">
      <Filter>client</Filter>
    </ClCompile>
    <ClCompile Include="client\cl_tent.c">
      <Filter>client</Filter>
    </ClCompile>
    <ClCompile Include="client\cl_view.c">
      <Filter>client</Filter>
    </ClCompile>
    <ClCompile Include="client\console.c">
      <Filter>client</Filter>
    </ClCompile>
    <ClCompile Include="client\keys.c">
      <Filter>client</Filter>
    </ClCompile>
    <ClCompile Include="client\menu.c">
      <Filter>client</Filter>
    </ClCompile>
    <ClCompile Include="client\qmenu.c">
      <Filter>client</Filter>
    </ClCompile>
    <ClCompile Include="client\snd_dma.c">
      <Filter>client</Filter>
    </ClCompile>
    <ClCompile Include="client\snd_mem.c">
      <Filter>client</Filter>
    </ClCompile>
    <ClCompile Include="client\snd_mix.c">
      <Filter>client</Filter>
    </ClCompile>
    <ClCompile Include="client\x86.c">
      <Filter>client</Filter>
    </ClCompile>
    <ClCompile Include="qcommon\cmd.c">
      <Filter>common</Filter>
    </ClCompile>
    <ClCompile Include="qcommon\cmodel.c">
      <Filter>common</Filter>
    </ClCompile>
    <ClCompile Include="qcommon\common.c">
      <Filter>common</Filter>
    </ClCompile>
    <ClCompile Include="qcommon\crc.c">
      <Filter>common</Filter>
    </ClCompile>
    <ClCompile Include="qcommon\cvar.c">
      <Filter>common</Filter>
    </ClCompile>
    <ClCompile Include="qcommon\files.c">
      <Filter>common</Filter>
    </ClCompile>
    <ClCompile Include="qcommon\md4.c">
      <Filter>common</Filter>
    </ClCompile>
    <ClCompile Include="qcommon\net_chan.c">
      <Filter>common</Filter>
    </ClCompile>
    <ClCompile Include="qcommon\pmove.c">
      <Filter>common</Filter>
    </ClCompile>
    <ClCompile Include="platform\cd_win.c">
      <Filter>platform</Filter>
    </ClCompile>
    <ClCompile Include="platform\conproc.c">
      <Filter>platform</Filter>
    </ClCompile>
    <ClCompile Include="platform\in_win.c">
      <Filter>platform</Filter>
    </ClCompile>
    <ClCompile Include="platform\net_wins.c">
      <Filter>platform</Filter>
    </ClCompile>
    <ClCompile Include="platform\q_shwin.c">
      <Filter>platform</Filter>
    </ClCompile>
    <ClCompile Include="platform\snd_win.c">
      <Filter>platform</Filter>
    </ClCompile>
    <ClCompile Include="platform\sys_win.c">
      <Filter>platform</Filter>
    </ClCompile>
    <ClCompile Include="platform\vid_dll.c">
      <Filter>platform</Filter>
    </ClCompile>
    <ClCompile Include="platform\vid_menu.c">
      <Filter>platform</Filter>
    </ClCompile>
    <ClCompile Include="server\sv_ccmds.c">
      <Filter>server</Filter>
    </ClCompile>
    <ClCompile Include="server\sv_ents.c">
      <Filter>server</Filter>
    </ClCompile>
    <ClCompile Include="server\sv_game.c">
      <Filter>server</Filter>
    </ClCompile>
    <ClCompile Include="server\sv_init.c">
      <Filter>server</Filter>
    </ClCompile>
    <ClCompile Include="server\sv_main.c">
      <Filter>server</Filter>
    </ClCompile>
    <ClCompile Include="server\sv_send.c">
      <Filter>server</Filter>
    </ClCompile>
    <ClCompile Include="server\sv_user.c">
      <Filter>server</Filter>
    </ClCompile>
    <ClCompile Include="server\sv_world.c">
      <Filter>server</Filter>
    </ClCompile>
    <ClCompile Include="game\q_shared.c">
      <Filter>common</Filter>
    </ClCompile>
  </ItemGroup>
  <ItemGroup>
    <Image Include="platform\q2.ico">
      <Filter>platform\include</Filter>
    </Image>
    <Image Include="platform\qe3.ico">
      <Filter>platform\include</Filter>
    </Image>
  </ItemGroup>
  <ItemGroup>
    <ResourceCompile Include="platform\q2.rc">
      <Filter>platform\include</Filter>
    </ResourceCompile>
  </ItemGroup>
</Project>